// !$*UTF8*$!
{
	archiveVersion = 1;
	classes = {
	};
	objectVersion = 51;
	objects = {

/* Begin PBXBuildFile section */
		754FDCE37C528C2B72162BA9 /* Pods_Reboot.framework in Frameworks */ = {isa = PBXBuildFile; fileRef = 89583B5DF1909556D9940ECA /* Pods_Reboot.framework */; };
		D4375094257E0475005D3273 /* ConstantStrings.swift in Sources */ = {isa = PBXBuildFile; fileRef = D4375093257E0475005D3273 /* ConstantStrings.swift */; };
		D437509B257E12FE005D3273 /* Constants.swift in Sources */ = {isa = PBXBuildFile; fileRef = D437509A257E12FE005D3273 /* Constants.swift */; };
		DA10B529256254BF0010A819 /* gilroy-ultralightitalic.ttf in Resources */ = {isa = PBXBuildFile; fileRef = DA10B528256254BF0010A819 /* gilroy-ultralightitalic.ttf */; };
		DA10B52C2562559F0010A819 /* gilroy-medium.ttf in Resources */ = {isa = PBXBuildFile; fileRef = DA10B52B2562559F0010A819 /* gilroy-medium.ttf */; };
		DA10B52F256260D30010A819 /* AchievementsCell.swift in Sources */ = {isa = PBXBuildFile; fileRef = DA10B52E256260D30010A819 /* AchievementsCell.swift */; };
		DA10B535256267CA0010A819 /* CollectionCell.swift in Sources */ = {isa = PBXBuildFile; fileRef = DA10B534256267CA0010A819 /* CollectionCell.swift */; };
		DA10B53E25626B6C0010A819 /* TrainingCell.swift in Sources */ = {isa = PBXBuildFile; fileRef = DA10B53D25626B6C0010A819 /* TrainingCell.swift */; };
		DA10B541256270950010A819 /* Footer.swift in Sources */ = {isa = PBXBuildFile; fileRef = DA10B540256270950010A819 /* Footer.swift */; };
		DA10B544256272450010A819 /* Header.swift in Sources */ = {isa = PBXBuildFile; fileRef = DA10B543256272450010A819 /* Header.swift */; };
		DA10B54A2562A5EA0010A819 /* ReservePageCell.swift in Sources */ = {isa = PBXBuildFile; fileRef = DA10B5492562A5EA0010A819 /* ReservePageCell.swift */; };
		DA22C794255D549000865E23 /* AddressController.swift in Sources */ = {isa = PBXBuildFile; fileRef = DA22C793255D549000865E23 /* AddressController.swift */; };
		DA606761255E66D80074497D /* ReserveCell.swift in Sources */ = {isa = PBXBuildFile; fileRef = DA606760255E66D80074497D /* ReserveCell.swift */; };
		DA606765255E744A0074497D /* BaseController.swift in Sources */ = {isa = PBXBuildFile; fileRef = DA606764255E744A0074497D /* BaseController.swift */; };
		DA6A66AD256BCFA1008C076C /* Extension.swift in Sources */ = {isa = PBXBuildFile; fileRef = DA6A66AC256BCFA1008C076C /* Extension.swift */; };
		DA8CAB4B255BC0CD0064A198 /* StudioCell.swift in Sources */ = {isa = PBXBuildFile; fileRef = DA8CAB4A255BC0CD0064A198 /* StudioCell.swift */; };
		DA8CAB4E255BC0E40064A198 /* StudioController.swift in Sources */ = {isa = PBXBuildFile; fileRef = DA8CAB4D255BC0E40064A198 /* StudioController.swift */; };
		DA8CAB51255BCB1D0064A198 /* gilroy-bold.ttf in Resources */ = {isa = PBXBuildFile; fileRef = DA8CAB50255BCB1D0064A198 /* gilroy-bold.ttf */; };
		DA8CAB54255BCB2D0064A198 /* gilroy-regular.ttf in Resources */ = {isa = PBXBuildFile; fileRef = DA8CAB53255BCB2D0064A198 /* gilroy-regular.ttf */; };
		DA8CAB63255BEE110064A198 /* PopUpController.swift in Sources */ = {isa = PBXBuildFile; fileRef = DA8CAB62255BEE110064A198 /* PopUpController.swift */; };
		DA8CAB67255BEE500064A198 /* PopCell.swift in Sources */ = {isa = PBXBuildFile; fileRef = DA8CAB66255BEE500064A198 /* PopCell.swift */; };
		DA8CAB6C255BFBF40064A198 /* Model.swift in Sources */ = {isa = PBXBuildFile; fileRef = DA8CAB6B255BFBF40064A198 /* Model.swift */; };
		DA8CAB75255BFD420064A198 /* NetworkService.swift in Sources */ = {isa = PBXBuildFile; fileRef = DA8CAB74255BFD420064A198 /* NetworkService.swift */; };
		DA8CAB7A255C1B460064A198 /* Connection.swift in Sources */ = {isa = PBXBuildFile; fileRef = DA8CAB79255C1B460064A198 /* Connection.swift */; };
		DA9B4293256CFC57005A07A9 /* HomePage.storyboard in Resources */ = {isa = PBXBuildFile; fileRef = DA9B4292256CFC57005A07A9 /* HomePage.storyboard */; };
		DA9DCC5A255DA19D00E3E8AB /* UserPageController.swift in Sources */ = {isa = PBXBuildFile; fileRef = DA9DCC59255DA19D00E3E8AB /* UserPageController.swift */; };
		DA9DCC64255DA5B300E3E8AB /* InfoController.swift in Sources */ = {isa = PBXBuildFile; fileRef = DA9DCC63255DA5B300E3E8AB /* InfoController.swift */; };
		DA9DCC67255DA5C800E3E8AB /* InfoCell.swift in Sources */ = {isa = PBXBuildFile; fileRef = DA9DCC66255DA5C800E3E8AB /* InfoCell.swift */; };
		DACE56492570EC9300F6683F /* Splash.storyboard in Resources */ = {isa = PBXBuildFile; fileRef = DACE56482570EC9300F6683F /* Splash.storyboard */; };
		DACE564C2570ECAB00F6683F /* SplashController.swift in Sources */ = {isa = PBXBuildFile; fileRef = DACE564B2570ECAB00F6683F /* SplashController.swift */; };
		DACE564F2570EDE200F6683F /* Reboot.mov in Resources */ = {isa = PBXBuildFile; fileRef = DACE564E2570EDE200F6683F /* Reboot.mov */; };
		DAEBE605255EC76D00AF7B8A /* PricingController.swift in Sources */ = {isa = PBXBuildFile; fileRef = DAEBE604255EC76D00AF7B8A /* PricingController.swift */; };
		DAF674F8255A6CBF0033D861 /* AppDelegate.swift in Sources */ = {isa = PBXBuildFile; fileRef = DAF674F7255A6CBF0033D861 /* AppDelegate.swift */; };
		DAF674FA255A6CBF0033D861 /* SceneDelegate.swift in Sources */ = {isa = PBXBuildFile; fileRef = DAF674F9255A6CBF0033D861 /* SceneDelegate.swift */; };
		DAF674FC255A6CBF0033D861 /* ViewController.swift in Sources */ = {isa = PBXBuildFile; fileRef = DAF674FB255A6CBF0033D861 /* ViewController.swift */; };
		DAF674FF255A6CBF0033D861 /* Main.storyboard in Resources */ = {isa = PBXBuildFile; fileRef = DAF674FD255A6CBF0033D861 /* Main.storyboard */; };
		DAF67501255A6CC10033D861 /* Assets.xcassets in Resources */ = {isa = PBXBuildFile; fileRef = DAF67500255A6CC10033D861 /* Assets.xcassets */; };
		DAF67504255A6CC10033D861 /* LaunchScreen.storyboard in Resources */ = {isa = PBXBuildFile; fileRef = DAF67502255A6CC10033D861 /* LaunchScreen.storyboard */; };
		DAF67517255A7BBE0033D861 /* TextField.swift in Sources */ = {isa = PBXBuildFile; fileRef = DAF67516255A7BBE0033D861 /* TextField.swift */; };
		DAF6751C255A86830033D861 /* Register.storyboard in Resources */ = {isa = PBXBuildFile; fileRef = DAF6751B255A86830033D861 /* Register.storyboard */; };
		DAF6751F255A86AD0033D861 /* RegisterController.swift in Sources */ = {isa = PBXBuildFile; fileRef = DAF6751E255A86AD0033D861 /* RegisterController.swift */; };
		DAF67524255AABF50033D861 /* ForgotPassword.storyboard in Resources */ = {isa = PBXBuildFile; fileRef = DAF67523255AABF50033D861 /* ForgotPassword.storyboard */; };
		DAF67527255AAC2B0033D861 /* ForgotPassController.swift in Sources */ = {isa = PBXBuildFile; fileRef = DAF67526255AAC2B0033D861 /* ForgotPassController.swift */; };
		DAF6752B255AB59D0033D861 /* CodeController.swift in Sources */ = {isa = PBXBuildFile; fileRef = DAF6752A255AB59D0033D861 /* CodeController.swift */; };
		DAF6752F255AB5AC0033D861 /* Code.storyboard in Resources */ = {isa = PBXBuildFile; fileRef = DAF6752E255AB5AC0033D861 /* Code.storyboard */; };
		DAF6753C255AC4520033D861 /* SavePasswordController.swift in Sources */ = {isa = PBXBuildFile; fileRef = DAF6753B255AC4520033D861 /* SavePasswordController.swift */; };
		DAF6753F255AC4620033D861 /* SavePassword.storyboard in Resources */ = {isa = PBXBuildFile; fileRef = DAF6753E255AC4620033D861 /* SavePassword.storyboard */; };
		DAF67548255AC8470033D861 /* AboutUsController.swift in Sources */ = {isa = PBXBuildFile; fileRef = DAF67547255AC8470033D861 /* AboutUsController.swift */; };
		DAF6754C255AC87C0033D861 /* AboutCell.swift in Sources */ = {isa = PBXBuildFile; fileRef = DAF6754B255AC87C0033D861 /* AboutCell.swift */; };
		FAC3D3BF259B4EC600C00270 /* LoginRequestModel.swift in Sources */ = {isa = PBXBuildFile; fileRef = FAC3D3BE259B4EC600C00270 /* LoginRequestModel.swift */; };
		FAC3D3E4259B535500C00270 /* RegisterRequestModel.swift in Sources */ = {isa = PBXBuildFile; fileRef = FAC3D3E3259B535500C00270 /* RegisterRequestModel.swift */; };
/* End PBXBuildFile section */

/* Begin PBXFileReference section */
		4DDA028EAE8BB8F6FB54126E /* Pods-Reboot.release.xcconfig */ = {isa = PBXFileReference; includeInIndex = 1; lastKnownFileType = text.xcconfig; name = "Pods-Reboot.release.xcconfig"; path = "Target Support Files/Pods-Reboot/Pods-Reboot.release.xcconfig"; sourceTree = "<group>"; };
		89583B5DF1909556D9940ECA /* Pods_Reboot.framework */ = {isa = PBXFileReference; explicitFileType = wrapper.framework; includeInIndex = 0; path = Pods_Reboot.framework; sourceTree = BUILT_PRODUCTS_DIR; };
		D4375093257E0475005D3273 /* ConstantStrings.swift */ = {isa = PBXFileReference; lastKnownFileType = sourcecode.swift; path = ConstantStrings.swift; sourceTree = "<group>"; };
		D437509A257E12FE005D3273 /* Constants.swift */ = {isa = PBXFileReference; lastKnownFileType = sourcecode.swift; path = Constants.swift; sourceTree = "<group>"; };
		DA10B528256254BF0010A819 /* gilroy-ultralightitalic.ttf */ = {isa = PBXFileReference; lastKnownFileType = file; path = "gilroy-ultralightitalic.ttf"; sourceTree = "<group>"; };
		DA10B52B2562559F0010A819 /* gilroy-medium.ttf */ = {isa = PBXFileReference; lastKnownFileType = file; path = "gilroy-medium.ttf"; sourceTree = "<group>"; };
		DA10B52E256260D30010A819 /* AchievementsCell.swift */ = {isa = PBXFileReference; lastKnownFileType = sourcecode.swift; path = AchievementsCell.swift; sourceTree = "<group>"; };
		DA10B534256267CA0010A819 /* CollectionCell.swift */ = {isa = PBXFileReference; lastKnownFileType = sourcecode.swift; path = CollectionCell.swift; sourceTree = "<group>"; };
		DA10B53D25626B6C0010A819 /* TrainingCell.swift */ = {isa = PBXFileReference; lastKnownFileType = sourcecode.swift; path = TrainingCell.swift; sourceTree = "<group>"; };
		DA10B540256270950010A819 /* Footer.swift */ = {isa = PBXFileReference; lastKnownFileType = sourcecode.swift; path = Footer.swift; sourceTree = "<group>"; };
		DA10B543256272450010A819 /* Header.swift */ = {isa = PBXFileReference; lastKnownFileType = sourcecode.swift; path = Header.swift; sourceTree = "<group>"; };
		DA10B5492562A5EA0010A819 /* ReservePageCell.swift */ = {isa = PBXFileReference; lastKnownFileType = sourcecode.swift; path = ReservePageCell.swift; sourceTree = "<group>"; };
		DA22C793255D549000865E23 /* AddressController.swift */ = {isa = PBXFileReference; lastKnownFileType = sourcecode.swift; path = AddressController.swift; sourceTree = "<group>"; };
		DA606760255E66D80074497D /* ReserveCell.swift */ = {isa = PBXFileReference; lastKnownFileType = sourcecode.swift; path = ReserveCell.swift; sourceTree = "<group>"; };
		DA606764255E744A0074497D /* BaseController.swift */ = {isa = PBXFileReference; lastKnownFileType = sourcecode.swift; path = BaseController.swift; sourceTree = "<group>"; };
		DA6A66AC256BCFA1008C076C /* Extension.swift */ = {isa = PBXFileReference; lastKnownFileType = sourcecode.swift; path = Extension.swift; sourceTree = "<group>"; };
		DA8CAB4A255BC0CD0064A198 /* StudioCell.swift */ = {isa = PBXFileReference; lastKnownFileType = sourcecode.swift; path = StudioCell.swift; sourceTree = "<group>"; };
		DA8CAB4D255BC0E40064A198 /* StudioController.swift */ = {isa = PBXFileReference; lastKnownFileType = sourcecode.swift; path = StudioController.swift; sourceTree = "<group>"; };
		DA8CAB50255BCB1D0064A198 /* gilroy-bold.ttf */ = {isa = PBXFileReference; lastKnownFileType = file; path = "gilroy-bold.ttf"; sourceTree = "<group>"; };
		DA8CAB53255BCB2D0064A198 /* gilroy-regular.ttf */ = {isa = PBXFileReference; lastKnownFileType = file; path = "gilroy-regular.ttf"; sourceTree = "<group>"; };
		DA8CAB62255BEE110064A198 /* PopUpController.swift */ = {isa = PBXFileReference; lastKnownFileType = sourcecode.swift; path = PopUpController.swift; sourceTree = "<group>"; };
		DA8CAB66255BEE500064A198 /* PopCell.swift */ = {isa = PBXFileReference; lastKnownFileType = sourcecode.swift; path = PopCell.swift; sourceTree = "<group>"; };
		DA8CAB6B255BFBF40064A198 /* Model.swift */ = {isa = PBXFileReference; lastKnownFileType = sourcecode.swift; path = Model.swift; sourceTree = "<group>"; };
		DA8CAB74255BFD420064A198 /* NetworkService.swift */ = {isa = PBXFileReference; lastKnownFileType = sourcecode.swift; path = NetworkService.swift; sourceTree = "<group>"; };
		DA8CAB79255C1B460064A198 /* Connection.swift */ = {isa = PBXFileReference; lastKnownFileType = sourcecode.swift; path = Connection.swift; sourceTree = "<group>"; };
		DA9B4292256CFC57005A07A9 /* HomePage.storyboard */ = {isa = PBXFileReference; fileEncoding = 4; lastKnownFileType = file.storyboard; path = HomePage.storyboard; sourceTree = "<group>"; };
		DA9DCC59255DA19D00E3E8AB /* UserPageController.swift */ = {isa = PBXFileReference; lastKnownFileType = sourcecode.swift; path = UserPageController.swift; sourceTree = "<group>"; };
		DA9DCC63255DA5B300E3E8AB /* InfoController.swift */ = {isa = PBXFileReference; lastKnownFileType = sourcecode.swift; path = InfoController.swift; sourceTree = "<group>"; };
		DA9DCC66255DA5C800E3E8AB /* InfoCell.swift */ = {isa = PBXFileReference; lastKnownFileType = sourcecode.swift; path = InfoCell.swift; sourceTree = "<group>"; };
		DACE56482570EC9300F6683F /* Splash.storyboard */ = {isa = PBXFileReference; lastKnownFileType = file.storyboard; path = Splash.storyboard; sourceTree = "<group>"; };
		DACE564B2570ECAB00F6683F /* SplashController.swift */ = {isa = PBXFileReference; lastKnownFileType = sourcecode.swift; path = SplashController.swift; sourceTree = "<group>"; };
		DACE564E2570EDE200F6683F /* Reboot.mov */ = {isa = PBXFileReference; lastKnownFileType = video.quicktime; path = Reboot.mov; sourceTree = "<group>"; };
		DAEBE604255EC76D00AF7B8A /* PricingController.swift */ = {isa = PBXFileReference; lastKnownFileType = sourcecode.swift; path = PricingController.swift; sourceTree = "<group>"; };
		DAF674F4255A6CBF0033D861 /* Reboot.app */ = {isa = PBXFileReference; explicitFileType = wrapper.application; includeInIndex = 0; path = Reboot.app; sourceTree = BUILT_PRODUCTS_DIR; };
		DAF674F7255A6CBF0033D861 /* AppDelegate.swift */ = {isa = PBXFileReference; lastKnownFileType = sourcecode.swift; path = AppDelegate.swift; sourceTree = "<group>"; };
		DAF674F9255A6CBF0033D861 /* SceneDelegate.swift */ = {isa = PBXFileReference; lastKnownFileType = sourcecode.swift; path = SceneDelegate.swift; sourceTree = "<group>"; };
		DAF674FB255A6CBF0033D861 /* ViewController.swift */ = {isa = PBXFileReference; lastKnownFileType = sourcecode.swift; path = ViewController.swift; sourceTree = "<group>"; };
		DAF674FE255A6CBF0033D861 /* Base */ = {isa = PBXFileReference; lastKnownFileType = file.storyboard; name = Base; path = Base.lproj/Main.storyboard; sourceTree = "<group>"; };
		DAF67500255A6CC10033D861 /* Assets.xcassets */ = {isa = PBXFileReference; lastKnownFileType = folder.assetcatalog; path = Assets.xcassets; sourceTree = "<group>"; };
		DAF67503255A6CC10033D861 /* Base */ = {isa = PBXFileReference; lastKnownFileType = file.storyboard; name = Base; path = Base.lproj/LaunchScreen.storyboard; sourceTree = "<group>"; };
		DAF67505255A6CC10033D861 /* Info.plist */ = {isa = PBXFileReference; lastKnownFileType = text.plist.xml; path = Info.plist; sourceTree = "<group>"; };
		DAF67516255A7BBE0033D861 /* TextField.swift */ = {isa = PBXFileReference; lastKnownFileType = sourcecode.swift; path = TextField.swift; sourceTree = "<group>"; };
		DAF6751B255A86830033D861 /* Register.storyboard */ = {isa = PBXFileReference; lastKnownFileType = file.storyboard; path = Register.storyboard; sourceTree = "<group>"; };
		DAF6751E255A86AD0033D861 /* RegisterController.swift */ = {isa = PBXFileReference; lastKnownFileType = sourcecode.swift; path = RegisterController.swift; sourceTree = "<group>"; };
		DAF67523255AABF50033D861 /* ForgotPassword.storyboard */ = {isa = PBXFileReference; lastKnownFileType = file.storyboard; path = ForgotPassword.storyboard; sourceTree = "<group>"; };
		DAF67526255AAC2B0033D861 /* ForgotPassController.swift */ = {isa = PBXFileReference; lastKnownFileType = sourcecode.swift; path = ForgotPassController.swift; sourceTree = "<group>"; };
		DAF6752A255AB59D0033D861 /* CodeController.swift */ = {isa = PBXFileReference; lastKnownFileType = sourcecode.swift; path = CodeController.swift; sourceTree = "<group>"; };
		DAF6752E255AB5AC0033D861 /* Code.storyboard */ = {isa = PBXFileReference; lastKnownFileType = file.storyboard; path = Code.storyboard; sourceTree = "<group>"; };
		DAF6753B255AC4520033D861 /* SavePasswordController.swift */ = {isa = PBXFileReference; lastKnownFileType = sourcecode.swift; path = SavePasswordController.swift; sourceTree = "<group>"; };
		DAF6753E255AC4620033D861 /* SavePassword.storyboard */ = {isa = PBXFileReference; lastKnownFileType = file.storyboard; path = SavePassword.storyboard; sourceTree = "<group>"; };
		DAF67547255AC8470033D861 /* AboutUsController.swift */ = {isa = PBXFileReference; lastKnownFileType = sourcecode.swift; path = AboutUsController.swift; sourceTree = "<group>"; };
		DAF6754B255AC87C0033D861 /* AboutCell.swift */ = {isa = PBXFileReference; lastKnownFileType = sourcecode.swift; path = AboutCell.swift; sourceTree = "<group>"; };
		DEF704F3B785D1EC47CB3B42 /* Pods-Reboot.debug.xcconfig */ = {isa = PBXFileReference; includeInIndex = 1; lastKnownFileType = text.xcconfig; name = "Pods-Reboot.debug.xcconfig"; path = "Target Support Files/Pods-Reboot/Pods-Reboot.debug.xcconfig"; sourceTree = "<group>"; };
		FAC3D3BE259B4EC600C00270 /* LoginRequestModel.swift */ = {isa = PBXFileReference; lastKnownFileType = sourcecode.swift; path = LoginRequestModel.swift; sourceTree = "<group>"; };
		FAC3D3E3259B535500C00270 /* RegisterRequestModel.swift */ = {isa = PBXFileReference; lastKnownFileType = sourcecode.swift; path = RegisterRequestModel.swift; sourceTree = "<group>"; };
/* End PBXFileReference section */

/* Begin PBXFrameworksBuildPhase section */
		DAF674F1255A6CBF0033D861 /* Frameworks */ = {
			isa = PBXFrameworksBuildPhase;
			buildActionMask = 2147483647;
			files = (
				754FDCE37C528C2B72162BA9 /* Pods_Reboot.framework in Frameworks */,
			);
			runOnlyForDeploymentPostprocessing = 0;
		};
/* End PBXFrameworksBuildPhase section */

/* Begin PBXGroup section */
		92EA3F5B30BE52C33D3A8D39 /* Pods */ = {
			isa = PBXGroup;
			children = (
				DEF704F3B785D1EC47CB3B42 /* Pods-Reboot.debug.xcconfig */,
				4DDA028EAE8BB8F6FB54126E /* Pods-Reboot.release.xcconfig */,
			);
			path = Pods;
			sourceTree = "<group>";
		};
		D4375098257E129D005D3273 /* Constants */ = {
			isa = PBXGroup;
			children = (
				D4375093257E0475005D3273 /* ConstantStrings.swift */,
				D437509A257E12FE005D3273 /* Constants.swift */,
			);
			path = Constants;
			sourceTree = "<group>";
		};
		DA22C791255D544900865E23 /* RebootAddress */ = {
			isa = PBXGroup;
			children = (
				DA22C793255D549000865E23 /* AddressController.swift */,
			);
			path = RebootAddress;
			sourceTree = "<group>";
		};
		DA606763255E74340074497D /* BaseController  */ = {
			isa = PBXGroup;
			children = (
				DA606764255E744A0074497D /* BaseController.swift */,
			);
			path = "BaseController ";
			sourceTree = "<group>";
		};
		DA6A66AB256BCF8F008C076C /* extension */ = {
			isa = PBXGroup;
			children = (
				DA6A66AC256BCFA1008C076C /* Extension.swift */,
			);
			path = extension;
			sourceTree = "<group>";
		};
		DA8CAB48255BC0260064A198 /* Studio */ = {
			isa = PBXGroup;
			children = (
				DA8CAB4A255BC0CD0064A198 /* StudioCell.swift */,
				DA8CAB4D255BC0E40064A198 /* StudioController.swift */,
			);
			path = Studio;
			sourceTree = "<group>";
		};
		DA8CAB56255BCDD20064A198 /* Fonts */ = {
			isa = PBXGroup;
			children = (
				DA10B528256254BF0010A819 /* gilroy-ultralightitalic.ttf */,
				DA8CAB53255BCB2D0064A198 /* gilroy-regular.ttf */,
				DA10B52B2562559F0010A819 /* gilroy-medium.ttf */,
				DA8CAB50255BCB1D0064A198 /* gilroy-bold.ttf */,
			);
			path = Fonts;
			sourceTree = "<group>";
		};
		DA8CAB60255BEDF00064A198 /* PopUp */ = {
			isa = PBXGroup;
			children = (
				DA9DCC61255DA58900E3E8AB /* PopUpInfo  */,
				DA9DCC5E255DA56700E3E8AB /* popUplogOut  */,
			);
			path = PopUp;
			sourceTree = "<group>";
		};
		DA8CAB72255BFD2D0064A198 /* Networking */ = {
			isa = PBXGroup;
			children = (
				DA8CAB74255BFD420064A198 /* NetworkService.swift */,
			);
			path = Networking;
			sourceTree = "<group>";
		};
		DA8CAB78255C1B2F0064A198 /* NetworkConnection */ = {
			isa = PBXGroup;
			children = (
				DA8CAB79255C1B460064A198 /* Connection.swift */,
			);
			path = NetworkConnection;
			sourceTree = "<group>";
		};
		DA9DCC58255DA17E00E3E8AB /* UserPage  */ = {
			isa = PBXGroup;
			children = (
				DA9DCC59255DA19D00E3E8AB /* UserPageController.swift */,
				DA10B52E256260D30010A819 /* AchievementsCell.swift */,
				DA10B540256270950010A819 /* Footer.swift */,
				DA606760255E66D80074497D /* ReserveCell.swift */,
				DA10B534256267CA0010A819 /* CollectionCell.swift */,
				DA10B53D25626B6C0010A819 /* TrainingCell.swift */,
				DA10B543256272450010A819 /* Header.swift */,
				DA10B5492562A5EA0010A819 /* ReservePageCell.swift */,
			);
			path = "UserPage ";
			sourceTree = "<group>";
		};
		DA9DCC5E255DA56700E3E8AB /* popUplogOut  */ = {
			isa = PBXGroup;
			children = (
				DA8CAB66255BEE500064A198 /* PopCell.swift */,
				DA8CAB62255BEE110064A198 /* PopUpController.swift */,
			);
			path = "popUplogOut ";
			sourceTree = "<group>";
		};
		DA9DCC61255DA58900E3E8AB /* PopUpInfo  */ = {
			isa = PBXGroup;
			children = (
				DA9DCC63255DA5B300E3E8AB /* InfoController.swift */,
				DA9DCC66255DA5C800E3E8AB /* InfoCell.swift */,
			);
			path = "PopUpInfo ";
			sourceTree = "<group>";
		};
		DA9ED916256D16BC0004471E /* Login */ = {
			isa = PBXGroup;
			children = (
				DAF674FD255A6CBF0033D861 /* Main.storyboard */,
				DAF674FB255A6CBF0033D861 /* ViewController.swift */,
				FAC3D3BE259B4EC600C00270 /* LoginRequestModel.swift */,
			);
			path = Login;
			sourceTree = "<group>";
		};
		DA9ED919256D17100004471E /* TextField */ = {
			isa = PBXGroup;
			children = (
				DAF67516255A7BBE0033D861 /* TextField.swift */,
			);
			path = TextField;
			sourceTree = "<group>";
		};
		DACD93EB2561741600EAD268 /* Controllers */ = {
			isa = PBXGroup;
			children = (
				DAF67539255AC4270033D861 /* SavePassword */,
				DAF67529255AB4E90033D861 /* SendEmailCode */,
				DAF67522255AABCC0033D861 /* ForgotPassword */,
				DAF6750C255A6CD50033D861 /* Register */,
			);
			path = Controllers;
			sourceTree = "<group>";
		};
		DACE56472570EC7D00F6683F /* Splash  */ = {
			isa = PBXGroup;
			children = (
				DACE564E2570EDE200F6683F /* Reboot.mov */,
				DACE56482570EC9300F6683F /* Splash.storyboard */,
				DACE564B2570ECAB00F6683F /* SplashController.swift */,
			);
			path = "Splash ";
			sourceTree = "<group>";
		};
		DAEBE602255EC71600AF7B8A /* Pricing */ = {
			isa = PBXGroup;
			children = (
				DAEBE604255EC76D00AF7B8A /* PricingController.swift */,
			);
			path = Pricing;
			sourceTree = "<group>";
		};
		DAF674EB255A6CBF0033D861 = {
			isa = PBXGroup;
			children = (
				DAF674F6255A6CBF0033D861 /* Reboot */,
				DAF674F5255A6CBF0033D861 /* Products */,
				92EA3F5B30BE52C33D3A8D39 /* Pods */,
				F8C7621BC78DCA93F81477E5 /* Frameworks */,
			);
			sourceTree = "<group>";
		};
		DAF674F5255A6CBF0033D861 /* Products */ = {
			isa = PBXGroup;
			children = (
				DAF674F4255A6CBF0033D861 /* Reboot.app */,
			);
			name = Products;
			sourceTree = "<group>";
		};
		DAF674F6255A6CBF0033D861 /* Reboot */ = {
			isa = PBXGroup;
			children = (
				DAF674F9255A6CBF0033D861 /* SceneDelegate.swift */,
				DAF674F7255A6CBF0033D861 /* AppDelegate.swift */,
				DAF67500255A6CC10033D861 /* Assets.xcassets */,
				DAF67502255A6CC10033D861 /* LaunchScreen.storyboard */,
				DAF67505255A6CC10033D861 /* Info.plist */,
				DA8CAB6B255BFBF40064A198 /* Model.swift */,
				D4375098257E129D005D3273 /* Constants */,
				DACE56472570EC7D00F6683F /* Splash  */,
				DA9ED919256D17100004471E /* TextField */,
				DA9ED916256D16BC0004471E /* Login */,
				DA6A66AB256BCF8F008C076C /* extension */,
				DACD93EB2561741600EAD268 /* Controllers */,
				DA606763255E74340074497D /* BaseController  */,
				DA8CAB78255C1B2F0064A198 /* NetworkConnection */,
				DA8CAB72255BFD2D0064A198 /* Networking */,
				DA8CAB60255BEDF00064A198 /* PopUp */,
				DA8CAB56255BCDD20064A198 /* Fonts */,
				DAF67541255AC7490033D861 /* HomePage  */,
			);
			path = Reboot;
			sourceTree = "<group>";
		};
		DAF6750C255A6CD50033D861 /* Register */ = {
			isa = PBXGroup;
			children = (
				DAF6751B255A86830033D861 /* Register.storyboard */,
				DAF6751E255A86AD0033D861 /* RegisterController.swift */,
				FAC3D3E3259B535500C00270 /* RegisterRequestModel.swift */,
			);
			path = Register;
			sourceTree = "<group>";
		};
		DAF67522255AABCC0033D861 /* ForgotPassword */ = {
			isa = PBXGroup;
			children = (
				DAF67523255AABF50033D861 /* ForgotPassword.storyboard */,
				DAF67526255AAC2B0033D861 /* ForgotPassController.swift */,
			);
			path = ForgotPassword;
			sourceTree = "<group>";
		};
		DAF67529255AB4E90033D861 /* SendEmailCode */ = {
			isa = PBXGroup;
			children = (
				DAF6752A255AB59D0033D861 /* CodeController.swift */,
				DAF6752E255AB5AC0033D861 /* Code.storyboard */,
			);
			path = SendEmailCode;
			sourceTree = "<group>";
		};
		DAF67539255AC4270033D861 /* SavePassword */ = {
			isa = PBXGroup;
			children = (
				DAF6753B255AC4520033D861 /* SavePasswordController.swift */,
				DAF6753E255AC4620033D861 /* SavePassword.storyboard */,
			);
			path = SavePassword;
			sourceTree = "<group>";
		};
		DAF67541255AC7490033D861 /* HomePage  */ = {
			isa = PBXGroup;
			children = (
				DA9B4292256CFC57005A07A9 /* HomePage.storyboard */,
				DAEBE602255EC71600AF7B8A /* Pricing */,
				DA9DCC58255DA17E00E3E8AB /* UserPage  */,
				DA22C791255D544900865E23 /* RebootAddress */,
				DA8CAB48255BC0260064A198 /* Studio */,
				DAF67545255AC80A0033D861 /* AboutUs */,
			);
			path = "HomePage ";
			sourceTree = "<group>";
		};
		DAF67545255AC80A0033D861 /* AboutUs */ = {
			isa = PBXGroup;
			children = (
				DAF67547255AC8470033D861 /* AboutUsController.swift */,
				DAF6754B255AC87C0033D861 /* AboutCell.swift */,
			);
			path = AboutUs;
			sourceTree = "<group>";
		};
		F8C7621BC78DCA93F81477E5 /* Frameworks */ = {
			isa = PBXGroup;
			children = (
				89583B5DF1909556D9940ECA /* Pods_Reboot.framework */,
			);
			name = Frameworks;
			sourceTree = "<group>";
		};
/* End PBXGroup section */

/* Begin PBXNativeTarget section */
		DAF674F3255A6CBF0033D861 /* Reboot */ = {
			isa = PBXNativeTarget;
			buildConfigurationList = DAF67508255A6CC10033D861 /* Build configuration list for PBXNativeTarget "Reboot" */;
			buildPhases = (
				36C19A77B3363FDBE9ABF8AF /* [CP] Check Pods Manifest.lock */,
				DAF674F0255A6CBF0033D861 /* Sources */,
				DAF674F1255A6CBF0033D861 /* Frameworks */,
				DAF674F2255A6CBF0033D861 /* Resources */,
				4DC7BBCABF2A64C0AE2CE417 /* [CP] Embed Pods Frameworks */,
				E36E2885562950C6EE1B386E /* [CP] Copy Pods Resources */,
			);
			buildRules = (
			);
			dependencies = (
			);
			name = Reboot;
			productName = Reboot;
			productReference = DAF674F4255A6CBF0033D861 /* Reboot.app */;
			productType = "com.apple.product-type.application";
		};
/* End PBXNativeTarget section */

/* Begin PBXProject section */
		DAF674EC255A6CBF0033D861 /* Project object */ = {
			isa = PBXProject;
			attributes = {
				LastSwiftUpdateCheck = 1200;
				LastUpgradeCheck = 1200;
				TargetAttributes = {
					DAF674F3255A6CBF0033D861 = {
						CreatedOnToolsVersion = 12.0;
					};
				};
			};
			buildConfigurationList = DAF674EF255A6CBF0033D861 /* Build configuration list for PBXProject "Reboot" */;
			compatibilityVersion = "Xcode 9.3";
			developmentRegion = en;
			hasScannedForEncodings = 0;
			knownRegions = (
				en,
				Base,
			);
			mainGroup = DAF674EB255A6CBF0033D861;
			productRefGroup = DAF674F5255A6CBF0033D861 /* Products */;
			projectDirPath = "";
			projectRoot = "";
			targets = (
				DAF674F3255A6CBF0033D861 /* Reboot */,
			);
		};
/* End PBXProject section */

/* Begin PBXResourcesBuildPhase section */
		DAF674F2255A6CBF0033D861 /* Resources */ = {
			isa = PBXResourcesBuildPhase;
			buildActionMask = 2147483647;
			files = (
				DA10B529256254BF0010A819 /* gilroy-ultralightitalic.ttf in Resources */,
				DA8CAB51255BCB1D0064A198 /* gilroy-bold.ttf in Resources */,
				DAF67504255A6CC10033D861 /* LaunchScreen.storyboard in Resources */,
				DAF6752F255AB5AC0033D861 /* Code.storyboard in Resources */,
				DA10B52C2562559F0010A819 /* gilroy-medium.ttf in Resources */,
				DAF6753F255AC4620033D861 /* SavePassword.storyboard in Resources */,
				DAF67501255A6CC10033D861 /* Assets.xcassets in Resources */,
				DACE564F2570EDE200F6683F /* Reboot.mov in Resources */,
				DAF67524255AABF50033D861 /* ForgotPassword.storyboard in Resources */,
				DA9B4293256CFC57005A07A9 /* HomePage.storyboard in Resources */,
				DAF674FF255A6CBF0033D861 /* Main.storyboard in Resources */,
				DAF6751C255A86830033D861 /* Register.storyboard in Resources */,
				DA8CAB54255BCB2D0064A198 /* gilroy-regular.ttf in Resources */,
				DACE56492570EC9300F6683F /* Splash.storyboard in Resources */,
			);
			runOnlyForDeploymentPostprocessing = 0;
		};
/* End PBXResourcesBuildPhase section */

/* Begin PBXShellScriptBuildPhase section */
		36C19A77B3363FDBE9ABF8AF /* [CP] Check Pods Manifest.lock */ = {
			isa = PBXShellScriptBuildPhase;
			buildActionMask = 2147483647;
			files = (
			);
			inputFileListPaths = (
			);
			inputPaths = (
				"${PODS_PODFILE_DIR_PATH}/Podfile.lock",
				"${PODS_ROOT}/Manifest.lock",
			);
			name = "[CP] Check Pods Manifest.lock";
			outputFileListPaths = (
			);
			outputPaths = (
				"$(DERIVED_FILE_DIR)/Pods-Reboot-checkManifestLockResult.txt",
			);
			runOnlyForDeploymentPostprocessing = 0;
			shellPath = /bin/sh;
			shellScript = "diff \"${PODS_PODFILE_DIR_PATH}/Podfile.lock\" \"${PODS_ROOT}/Manifest.lock\" > /dev/null\nif [ $? != 0 ] ; then\n    # print error to STDERR\n    echo \"error: The sandbox is not in sync with the Podfile.lock. Run 'pod install' or update your CocoaPods installation.\" >&2\n    exit 1\nfi\n# This output is used by Xcode 'outputs' to avoid re-running this script phase.\necho \"SUCCESS\" > \"${SCRIPT_OUTPUT_FILE_0}\"\n";
			showEnvVarsInLog = 0;
		};
		4DC7BBCABF2A64C0AE2CE417 /* [CP] Embed Pods Frameworks */ = {
			isa = PBXShellScriptBuildPhase;
			buildActionMask = 2147483647;
			files = (
			);
			inputFileListPaths = (
				"${PODS_ROOT}/Target Support Files/Pods-Reboot/Pods-Reboot-frameworks-${CONFIGURATION}-input-files.xcfilelist",
			);
			name = "[CP] Embed Pods Frameworks";
			outputFileListPaths = (
				"${PODS_ROOT}/Target Support Files/Pods-Reboot/Pods-Reboot-frameworks-${CONFIGURATION}-output-files.xcfilelist",
			);
			runOnlyForDeploymentPostprocessing = 0;
			shellPath = /bin/sh;
			shellScript = "\"${PODS_ROOT}/Target Support Files/Pods-Reboot/Pods-Reboot-frameworks.sh\"\n";
			showEnvVarsInLog = 0;
		};
		E36E2885562950C6EE1B386E /* [CP] Copy Pods Resources */ = {
			isa = PBXShellScriptBuildPhase;
			buildActionMask = 2147483647;
			files = (
			);
			inputFileListPaths = (
				"${PODS_ROOT}/Target Support Files/Pods-Reboot/Pods-Reboot-resources-${CONFIGURATION}-input-files.xcfilelist",
			);
			name = "[CP] Copy Pods Resources";
			outputFileListPaths = (
				"${PODS_ROOT}/Target Support Files/Pods-Reboot/Pods-Reboot-resources-${CONFIGURATION}-output-files.xcfilelist",
			);
			runOnlyForDeploymentPostprocessing = 0;
			shellPath = /bin/sh;
			shellScript = "\"${PODS_ROOT}/Target Support Files/Pods-Reboot/Pods-Reboot-resources.sh\"\n";
			showEnvVarsInLog = 0;
		};
/* End PBXShellScriptBuildPhase section */

/* Begin PBXSourcesBuildPhase section */
		DAF674F0255A6CBF0033D861 /* Sources */ = {
			isa = PBXSourcesBuildPhase;
			buildActionMask = 2147483647;
			files = (
				DA8CAB6C255BFBF40064A198 /* Model.swift in Sources */,
				D437509B257E12FE005D3273 /* Constants.swift in Sources */,
				DAF6751F255A86AD0033D861 /* RegisterController.swift in Sources */,
				DA606761255E66D80074497D /* ReserveCell.swift in Sources */,
				DA8CAB4E255BC0E40064A198 /* StudioController.swift in Sources */,
				DAF67548255AC8470033D861 /* AboutUsController.swift in Sources */,
				FAC3D3BF259B4EC600C00270 /* LoginRequestModel.swift in Sources */,
				DA10B53E25626B6C0010A819 /* TrainingCell.swift in Sources */,
				DA10B541256270950010A819 /* Footer.swift in Sources */,
				DA6A66AD256BCFA1008C076C /* Extension.swift in Sources */,
				D4375094257E0475005D3273 /* ConstantStrings.swift in Sources */,
				DAF674FC255A6CBF0033D861 /* ViewController.swift in Sources */,
				DA9DCC5A255DA19D00E3E8AB /* UserPageController.swift in Sources */,
				DAF674F8255A6CBF0033D861 /* AppDelegate.swift in Sources */,
				DA10B544256272450010A819 /* Header.swift in Sources */,
				DA8CAB67255BEE500064A198 /* PopCell.swift in Sources */,
				DAF6752B255AB59D0033D861 /* CodeController.swift in Sources */,
				DA10B54A2562A5EA0010A819 /* ReservePageCell.swift in Sources */,
				DA10B535256267CA0010A819 /* CollectionCell.swift in Sources */,
				DA606765255E744A0074497D /* BaseController.swift in Sources */,
				FAC3D3E4259B535500C00270 /* RegisterRequestModel.swift in Sources */,
				DACE564C2570ECAB00F6683F /* SplashController.swift in Sources */,
				DA22C794255D549000865E23 /* AddressController.swift in Sources */,
				DA10B52F256260D30010A819 /* AchievementsCell.swift in Sources */,
				DAF67527255AAC2B0033D861 /* ForgotPassController.swift in Sources */,
				DAF6753C255AC4520033D861 /* SavePasswordController.swift in Sources */,
				DA8CAB75255BFD420064A198 /* NetworkService.swift in Sources */,
				DAEBE605255EC76D00AF7B8A /* PricingController.swift in Sources */,
				DA8CAB7A255C1B460064A198 /* Connection.swift in Sources */,
				DAF6754C255AC87C0033D861 /* AboutCell.swift in Sources */,
				DAF67517255A7BBE0033D861 /* TextField.swift in Sources */,
				DAF674FA255A6CBF0033D861 /* SceneDelegate.swift in Sources */,
				DA8CAB63255BEE110064A198 /* PopUpController.swift in Sources */,
				DA8CAB4B255BC0CD0064A198 /* StudioCell.swift in Sources */,
				DA9DCC64255DA5B300E3E8AB /* InfoController.swift in Sources */,
				DA9DCC67255DA5C800E3E8AB /* InfoCell.swift in Sources */,
			);
			runOnlyForDeploymentPostprocessing = 0;
		};
/* End PBXSourcesBuildPhase section */

/* Begin PBXVariantGroup section */
		DAF674FD255A6CBF0033D861 /* Main.storyboard */ = {
			isa = PBXVariantGroup;
			children = (
				DAF674FE255A6CBF0033D861 /* Base */,
			);
			name = Main.storyboard;
			sourceTree = "<group>";
		};
		DAF67502255A6CC10033D861 /* LaunchScreen.storyboard */ = {
			isa = PBXVariantGroup;
			children = (
				DAF67503255A6CC10033D861 /* Base */,
			);
			name = LaunchScreen.storyboard;
			sourceTree = "<group>";
		};
/* End PBXVariantGroup section */

/* Begin XCBuildConfiguration section */
		DAF67506255A6CC10033D861 /* Debug */ = {
			isa = XCBuildConfiguration;
			buildSettings = {
				ALWAYS_SEARCH_USER_PATHS = NO;
				CLANG_ANALYZER_NONNULL = YES;
				CLANG_ANALYZER_NUMBER_OBJECT_CONVERSION = YES_AGGRESSIVE;
				CLANG_CXX_LANGUAGE_STANDARD = "gnu++14";
				CLANG_CXX_LIBRARY = "libc++";
				CLANG_ENABLE_MODULES = YES;
				CLANG_ENABLE_OBJC_ARC = YES;
				CLANG_ENABLE_OBJC_WEAK = YES;
				CLANG_WARN_BLOCK_CAPTURE_AUTORELEASING = YES;
				CLANG_WARN_BOOL_CONVERSION = YES;
				CLANG_WARN_COMMA = YES;
				CLANG_WARN_CONSTANT_CONVERSION = YES;
				CLANG_WARN_DEPRECATED_OBJC_IMPLEMENTATIONS = YES;
				CLANG_WARN_DIRECT_OBJC_ISA_USAGE = YES_ERROR;
				CLANG_WARN_DOCUMENTATION_COMMENTS = YES;
				CLANG_WARN_EMPTY_BODY = YES;
				CLANG_WARN_ENUM_CONVERSION = YES;
				CLANG_WARN_INFINITE_RECURSION = YES;
				CLANG_WARN_INT_CONVERSION = YES;
				CLANG_WARN_NON_LITERAL_NULL_CONVERSION = YES;
				CLANG_WARN_OBJC_IMPLICIT_RETAIN_SELF = YES;
				CLANG_WARN_OBJC_LITERAL_CONVERSION = YES;
				CLANG_WARN_OBJC_ROOT_CLASS = YES_ERROR;
				CLANG_WARN_QUOTED_INCLUDE_IN_FRAMEWORK_HEADER = YES;
				CLANG_WARN_RANGE_LOOP_ANALYSIS = YES;
				CLANG_WARN_STRICT_PROTOTYPES = YES;
				CLANG_WARN_SUSPICIOUS_MOVE = YES;
				CLANG_WARN_UNGUARDED_AVAILABILITY = YES_AGGRESSIVE;
				CLANG_WARN_UNREACHABLE_CODE = YES;
				CLANG_WARN__DUPLICATE_METHOD_MATCH = YES;
				COPY_PHASE_STRIP = NO;
				DEBUG_INFORMATION_FORMAT = dwarf;
				ENABLE_STRICT_OBJC_MSGSEND = YES;
				ENABLE_TESTABILITY = YES;
				GCC_C_LANGUAGE_STANDARD = gnu11;
				GCC_DYNAMIC_NO_PIC = NO;
				GCC_NO_COMMON_BLOCKS = YES;
				GCC_OPTIMIZATION_LEVEL = 0;
				GCC_PREPROCESSOR_DEFINITIONS = (
					"DEBUG=1",
					"$(inherited)",
				);
				GCC_WARN_64_TO_32_BIT_CONVERSION = YES;
				GCC_WARN_ABOUT_RETURN_TYPE = YES_ERROR;
				GCC_WARN_UNDECLARED_SELECTOR = YES;
				GCC_WARN_UNINITIALIZED_AUTOS = YES_AGGRESSIVE;
				GCC_WARN_UNUSED_FUNCTION = YES;
				GCC_WARN_UNUSED_VARIABLE = YES;
				IPHONEOS_DEPLOYMENT_TARGET = 14.0;
				MTL_ENABLE_DEBUG_INFO = INCLUDE_SOURCE;
				MTL_FAST_MATH = YES;
				ONLY_ACTIVE_ARCH = YES;
				SDKROOT = iphoneos;
				SWIFT_ACTIVE_COMPILATION_CONDITIONS = DEBUG;
				SWIFT_OPTIMIZATION_LEVEL = "-Onone";
			};
			name = Debug;
		};
		DAF67507255A6CC10033D861 /* Release */ = {
			isa = XCBuildConfiguration;
			buildSettings = {
				ALWAYS_SEARCH_USER_PATHS = NO;
				CLANG_ANALYZER_NONNULL = YES;
				CLANG_ANALYZER_NUMBER_OBJECT_CONVERSION = YES_AGGRESSIVE;
				CLANG_CXX_LANGUAGE_STANDARD = "gnu++14";
				CLANG_CXX_LIBRARY = "libc++";
				CLANG_ENABLE_MODULES = YES;
				CLANG_ENABLE_OBJC_ARC = YES;
				CLANG_ENABLE_OBJC_WEAK = YES;
				CLANG_WARN_BLOCK_CAPTURE_AUTORELEASING = YES;
				CLANG_WARN_BOOL_CONVERSION = YES;
				CLANG_WARN_COMMA = YES;
				CLANG_WARN_CONSTANT_CONVERSION = YES;
				CLANG_WARN_DEPRECATED_OBJC_IMPLEMENTATIONS = YES;
				CLANG_WARN_DIRECT_OBJC_ISA_USAGE = YES_ERROR;
				CLANG_WARN_DOCUMENTATION_COMMENTS = YES;
				CLANG_WARN_EMPTY_BODY = YES;
				CLANG_WARN_ENUM_CONVERSION = YES;
				CLANG_WARN_INFINITE_RECURSION = YES;
				CLANG_WARN_INT_CONVERSION = YES;
				CLANG_WARN_NON_LITERAL_NULL_CONVERSION = YES;
				CLANG_WARN_OBJC_IMPLICIT_RETAIN_SELF = YES;
				CLANG_WARN_OBJC_LITERAL_CONVERSION = YES;
				CLANG_WARN_OBJC_ROOT_CLASS = YES_ERROR;
				CLANG_WARN_QUOTED_INCLUDE_IN_FRAMEWORK_HEADER = YES;
				CLANG_WARN_RANGE_LOOP_ANALYSIS = YES;
				CLANG_WARN_STRICT_PROTOTYPES = YES;
				CLANG_WARN_SUSPICIOUS_MOVE = YES;
				CLANG_WARN_UNGUARDED_AVAILABILITY = YES_AGGRESSIVE;
				CLANG_WARN_UNREACHABLE_CODE = YES;
				CLANG_WARN__DUPLICATE_METHOD_MATCH = YES;
				COPY_PHASE_STRIP = NO;
				DEBUG_INFORMATION_FORMAT = "dwarf-with-dsym";
				ENABLE_NS_ASSERTIONS = NO;
				ENABLE_STRICT_OBJC_MSGSEND = YES;
				GCC_C_LANGUAGE_STANDARD = gnu11;
				GCC_NO_COMMON_BLOCKS = YES;
				GCC_WARN_64_TO_32_BIT_CONVERSION = YES;
				GCC_WARN_ABOUT_RETURN_TYPE = YES_ERROR;
				GCC_WARN_UNDECLARED_SELECTOR = YES;
				GCC_WARN_UNINITIALIZED_AUTOS = YES_AGGRESSIVE;
				GCC_WARN_UNUSED_FUNCTION = YES;
				GCC_WARN_UNUSED_VARIABLE = YES;
				IPHONEOS_DEPLOYMENT_TARGET = 14.0;
				MTL_ENABLE_DEBUG_INFO = NO;
				MTL_FAST_MATH = YES;
				SDKROOT = iphoneos;
				SWIFT_COMPILATION_MODE = wholemodule;
				SWIFT_OPTIMIZATION_LEVEL = "-O";
				VALIDATE_PRODUCT = YES;
			};
			name = Release;
		};
		DAF67509255A6CC10033D861 /* Debug */ = {
			isa = XCBuildConfiguration;
			baseConfigurationReference = DEF704F3B785D1EC47CB3B42 /* Pods-Reboot.debug.xcconfig */;
			buildSettings = {
				ASSETCATALOG_COMPILER_APPICON_NAME = AppIcon;
				ASSETCATALOG_COMPILER_GLOBAL_ACCENT_COLOR_NAME = AccentColor;
				CODE_SIGN_STYLE = Automatic;
				DEVELOPMENT_TEAM = 4EJQ3DNKGU;
				INFOPLIST_FILE = Reboot/Info.plist;
				IPHONEOS_DEPLOYMENT_TARGET = 12.0;
				LD_RUNPATH_SEARCH_PATHS = (
					"$(inherited)",
					"@executable_path/Frameworks",
				);
				PRODUCT_BUNDLE_IDENTIFIER = "hovo.malxasyan-Reboott";
				PRODUCT_NAME = "$(TARGET_NAME)";
				SWIFT_VERSION = 5.0;
				TARGETED_DEVICE_FAMILY = "1,2";
			};
			name = Debug;
		};
		DAF6750A255A6CC10033D861 /* Release */ = {
			isa = XCBuildConfiguration;
			baseConfigurationReference = 4DDA028EAE8BB8F6FB54126E /* Pods-Reboot.release.xcconfig */;
			buildSettings = {
				ASSETCATALOG_COMPILER_APPICON_NAME = AppIcon;
				ASSETCATALOG_COMPILER_GLOBAL_ACCENT_COLOR_NAME = AccentColor;
				CODE_SIGN_STYLE = Automatic;
				DEVELOPMENT_TEAM = 4EJQ3DNKGU;
				INFOPLIST_FILE = Reboot/Info.plist;
				IPHONEOS_DEPLOYMENT_TARGET = 12.0;
				LD_RUNPATH_SEARCH_PATHS = (
					"$(inherited)",
					"@executable_path/Frameworks",
				);
				PRODUCT_BUNDLE_IDENTIFIER = "hovo.malxasyan-Reboott";
				PRODUCT_NAME = "$(TARGET_NAME)";
				SWIFT_VERSION = 5.0;
				TARGETED_DEVICE_FAMILY = "1,2";
			};
			name = Release;
		};
/* End XCBuildConfiguration section */

/* Begin XCConfigurationList section */
		DAF674EF255A6CBF0033D861 /* Build configuration list for PBXProject "Reboot" */ = {
			isa = XCConfigurationList;
			buildConfigurations = (
				DAF67506255A6CC10033D861 /* Debug */,
				DAF67507255A6CC10033D861 /* Release */,
			);
			defaultConfigurationIsVisible = 0;
			defaultConfigurationName = Release;
		};
		DAF67508255A6CC10033D861 /* Build configuration list for PBXNativeTarget "Reboot" */ = {
			isa = XCConfigurationList;
			buildConfigurations = (
				DAF67509255A6CC10033D861 /* Debug */,
				DAF6750A255A6CC10033D861 /* Release */,
			);
			defaultConfigurationIsVisible = 0;
			defaultConfigurationName = Release;
		};
/* End XCConfigurationList section */
	};
	rootObject = DAF674EC255A6CBF0033D861 /* Project object */;
}
